PODS:
  - Flutter (1.0.0)
  - FMDB (2.7.5):
    - FMDB/standard (= 2.7.5)
  - FMDB/standard (2.7.5)
  - leak_detector (0.0.1):
    - Flutter
  - path_provider (0.0.1):
    - Flutter
  - "permission_handler (5.1.0+2)":
    - Flutter
  - photo_manager (1.0.0):
    - Flutter
    - FlutterMacOS
  - rongcloud_im_plugin (0.0.1):
    - Flutter
    - RongCloudIM/ChatRoom (= 5.1.4.1)
    - RongCloudIM/PublicService (= 5.1.4.1)
  - rongcloud_rtc_wrapper_plugin (0.0.1):
    - Flutter
    - RongCloudIM/IMLib (= 5.1.4.1)
    - RongCloudRTC/RongRTCLib (= 5.1.9)
  - RongCloudIM/ChatRoom (5.1.4.1):
    - RongCloudIM/IMLibCore
  - RongCloudIM/CustomerService (5.1.4.1):
    - RongCloudIM/IMLibCore
  - RongCloudIM/Discussion (5.1.4.1):
    - RongCloudIM/IMLibCore
  - RongCloudIM/IMLib (5.1.4.1):
    - RongCloudIM/ChatRoom
    - RongCloudIM/CustomerService
    - RongCloudIM/Discussion
    - RongCloudIM/IMLibCore
    - RongCloudIM/Location
    - RongCloudIM/PublicService
  - RongCloudIM/IMLibCore (5.1.4.1)
  - RongCloudIM/Location (5.1.4.1):
    - RongCloudIM/IMLibCore
  - RongCloudIM/PublicService (5.1.4.1):
    - RongCloudIM/IMLibCore
  - RongCloudRTC/RongRTCLib (5.1.9):
    - RongCloudIM/IMLibCore (>= 5.1.3)
  - shared_preferences (0.0.1):
    - Flutter
  - sqflite (0.0.2):
    - Flutter
    - FMDB (>= 2.7.5)
  - video_player (0.0.1):
    - Flutter
  - wakelock (0.0.1):
    - Flutter

DEPENDENCIES:
  - Flutter (from `Flutter`)
  - leak_detector (from `.symlinks/plugins/leak_detector/ios`)
  - path_provider (from `.symlinks/plugins/path_provider/ios`)
  - permission_handler (from `.symlinks/plugins/permission_handler/ios`)
  - photo_manager (from `.symlinks/plugins/photo_manager/ios`)
  - rongcloud_im_plugin (from `.symlinks/plugins/rongcloud_im_plugin/ios`)
  - rongcloud_rtc_wrapper_plugin (from `.symlinks/plugins/rongcloud_rtc_wrapper_plugin/ios`)
  - shared_preferences (from `.symlinks/plugins/shared_preferences/ios`)
  - sqflite (from `.symlinks/plugins/sqflite/ios`)
  - video_player (from `.symlinks/plugins/video_player/ios`)
  - wakelock (from `.symlinks/plugins/wakelock/ios`)

SPEC REPOS:
  trunk:
    - FMDB
    - RongCloudIM
    - RongCloudRTC

EXTERNAL SOURCES:
  Flutter:
    :path: Flutter
  leak_detector:
    :path: ".symlinks/plugins/leak_detector/ios"
  path_provider:
    :path: ".symlinks/plugins/path_provider/ios"
  permission_handler:
    :path: ".symlinks/plugins/permission_handler/ios"
  photo_manager:
    :path: ".symlinks/plugins/photo_manager/ios"
  rongcloud_im_plugin:
    :path: ".symlinks/plugins/rongcloud_im_plugin/ios"
  rongcloud_rtc_wrapper_plugin:
    :path: ".symlinks/plugins/rongcloud_rtc_wrapper_plugin/ios"
  shared_preferences:
    :path: ".symlinks/plugins/shared_preferences/ios"
  sqflite:
    :path: ".symlinks/plugins/sqflite/ios"
  video_player:
    :path: ".symlinks/plugins/video_player/ios"
  wakelock:
    :path: ".symlinks/plugins/wakelock/ios"

SPEC CHECKSUMS:
  Flutter: 50d75fe2f02b26cc09d224853bb45737f8b3214a
  FMDB: 2ce00b547f966261cd18927a3ddb07cb6f3db82a
  leak_detector: 30775053068909f517f5ae3f82dffff4c9b450bc
  path_provider: abfe2b5c733d04e238b0d8691db0cfd63a27a93c
  permission_handler: ccb20a9fad0ee9b1314a52b70b76b473c5f8dab0
  photo_manager: 84fa94fbeb82e607333ea9a13c43b58e0903a463
  rongcloud_im_plugin: 92048312b9159769ae71620fb5f18adc9ee17833
  rongcloud_rtc_wrapper_plugin: f2f44e95fc4b924929e10172e950f3fde35c2055
  RongCloudIM: bf1279dae817727c3f3cc0c106123b5bf96ae3d2
  RongCloudRTC: 284bba7d244384869909246fffcea58281cd94d0
  shared_preferences: af6bfa751691cdc24be3045c43ec037377ada40d
  sqflite: 6d358c025f5b867b29ed92fc697fd34924e11904
  video_player: 9cc823b1d9da7e8427ee591e8438bfbcde500e6e
  wakelock: b0843b2479edbf6504d8d262c2959446f35373aa

PODFILE CHECKSUM: f6b187c973a4e905ec6ff4ee80326134cebe3602

COCOAPODS: 1.10.1
